{
  "originHash" : "a4c7214fc3d7fd634ad090fe8e8986d692c050b0f0a123daa841bc8f2c8091fa",
  "pins" : [
    {
      "identity" : "kingfisher",
      "kind" : "remoteSourceControl",
      "location" : "https://github.com/onevcat/Kingfisher.git",
      "state" : {
        "revision" : "7deda23bbdca612076c5c315003d8638a08ed0f1",
        "version" : "8.3.2"
      }
    },
    {
      "identity" : "vortex",
      "kind" : "remoteSourceControl",
      "location" : "https://github.com/twostraws/Vortex",
      "state" : {
        "revision" : "26e036c4f04efcc019c95d43bfeffeaefbef3c99",
        "version" : "1.0.3"
      }
    }
  ],
  "version" : 3
}
